
Microsoft Visual Studio Solution File, Format Version 12.00
# Visual Studio 2017
Project("{FAE04EC0-301F-11D3-BF4B-00C04F79EFBC}") = "Geoblade.Plugins", "Geoblade.Plugins.csproj", "{F60BCF2C-8023-F5AC-944B-1AE48A2F21B9}"
EndProject
Project("{FAE04EC0-301F-11D3-BF4B-00C04F79EFBC}") = "Geoblade", "Geoblade.csproj", "{8930CDD6-291C-19CD-BC25-9D25B2BB6C4E}"
EndProject
Project("{FAE04EC0-301F-11D3-BF4B-00C04F79EFBC}") = "Geoblade.Editor.Plugins", "Geoblade.Editor.Plugins.csproj", "{009B0908-C1C7-7674-BA25-0BAA2FEAA5D9}"
EndProject
Global
	GlobalSection(SolutionConfigurationPlatforms) = preSolution
		Debug|Any CPU = Debug|Any CPU
		Release|Any CPU = Release|Any CPU
	EndGlobalSection
	GlobalSection(ProjectConfigurationPlatforms) = postSolution
		{F60BCF2C-8023-F5AC-944B-1AE48A2F21B9}.Debug|Any CPU.ActiveCfg = Debug|Any CPU
		{F60BCF2C-8023-F5AC-944B-1AE48A2F21B9}.Debug|Any CPU.Build.0 = Debug|Any CPU
		{F60BCF2C-8023-F5AC-944B-1AE48A2F21B9}.Release|Any CPU.ActiveCfg = Release|Any CPU
		{F60BCF2C-8023-F5AC-944B-1AE48A2F21B9}.Release|Any CPU.Build.0 = Release|Any CPU
		{8930CDD6-291C-19CD-BC25-9D25B2BB6C4E}.Debug|Any CPU.ActiveCfg = Debug|Any CPU
		{8930CDD6-291C-19CD-BC25-9D25B2BB6C4E}.Debug|Any CPU.Build.0 = Debug|Any CPU
		{8930CDD6-291C-19CD-BC25-9D25B2BB6C4E}.Release|Any CPU.ActiveCfg = Release|Any CPU
		{8930CDD6-291C-19CD-BC25-9D25B2BB6C4E}.Release|Any CPU.Build.0 = Release|Any CPU
		{009B0908-C1C7-7674-BA25-0BAA2FEAA5D9}.Debug|Any CPU.ActiveCfg = Debug|Any CPU
		{009B0908-C1C7-7674-BA25-0BAA2FEAA5D9}.Debug|Any CPU.Build.0 = Debug|Any CPU
		{009B0908-C1C7-7674-BA25-0BAA2FEAA5D9}.Release|Any CPU.ActiveCfg = Release|Any CPU
		{009B0908-C1C7-7674-BA25-0BAA2FEAA5D9}.Release|Any CPU.Build.0 = Release|Any CPU
	EndGlobalSection
	GlobalSection(SolutionProperties) = preSolution
		HideSolutionNode = FALSE
	EndGlobalSection
EndGlobal
